
Microsoft Visual Studio Solution File, Format Version 12.00
# Visual Studio 15
VisualStudioVersion = 15.0.27130.2020
MinimumVisualStudioVersion = 10.0.40219.1
Project("{FAE04EC0-301F-11D3-BF4B-00C04F79EFBC}") = "xdec", "xdec\xdec.csproj", "{DD81F55A-09F5-4AE9-A19D-513CC855727E}"
EndProject
Global
	GlobalSection(SolutionConfigurationPlatforms) = preSolution
		Debug|Any CPU = Debug|Any CPU
		Release|Any CPU = Release|Any CPU
	EndGlobalSection
	GlobalSection(ProjectConfigurationPlatforms) = postSolution
		{DD81F55A-09F5-4AE9-A19D-513CC855727E}.Debug|Any CPU.ActiveCfg = Debug|Any CPU
		{DD81F55A-09F5-4AE9-A19D-513CC855727E}.Debug|Any CPU.Build.0 = Debug|Any CPU
		{DD81F55A-09F5-4AE9-A19D-513CC855727E}.Release|Any CPU.ActiveCfg = Release|Any CPU
		{DD81F55A-09F5-4AE9-A19D-513CC855727E}.Release|Any CPU.Build.0 = Release|Any CPU
	EndGlobalSection
	GlobalSection(SolutionProperties) = preSolution
		HideSolutionNode = FALSE
	EndGlobalSection
	GlobalSection(ExtensibilityGlobals) = postSolution
		SolutionGuid = {33645769-48AD-4CC0-8855-E262A32F447F}
	EndGlobalSection
EndGlobal
